Microsoft Visual Studio Solution File, Format Version 12.00
# Visual Studio Version 17
VisualStudioVersion = 17.5.2.0
MinimumVisualStudioVersion = 10.0.40219.1
Project("{FAE04EC0-301F-11D3-BF4B-00C04F79EFBC}") = "Task_Managment_API", "Task_Managment_API.csproj", "{B8778297-D532-5E06-5843-6E6C30C8F797}"
EndProject
Global
	GlobalSection(SolutionConfigurationPlatforms) = preSolution
		Debug|Any CPU = Debug|Any CPU
		Release|Any CPU = Release|Any CPU
	EndGlobalSection
	GlobalSection(ProjectConfigurationPlatforms) = postSolution
		{B8778297-D532-5E06-5843-6E6C30C8F797}.Debug|Any CPU.ActiveCfg = Debug|Any CPU
		{B8778297-D532-5E06-5843-6E6C30C8F797}.Debug|Any CPU.Build.0 = Debug|Any CPU
		{B8778297-D532-5E06-5843-6E6C30C8F797}.Release|Any CPU.ActiveCfg = Release|Any CPU
		{B8778297-D532-5E06-5843-6E6C30C8F797}.Release|Any CPU.Build.0 = Release|Any CPU
	EndGlobalSection
	GlobalSection(SolutionProperties) = preSolution
		HideSolutionNode = FALSE
	EndGlobalSection
	GlobalSection(ExtensibilityGlobals) = postSolution
		SolutionGuid = {F5B808B6-C58D-4D68-BC90-52AAAB65F407}
	EndGlobalSection
EndGlobal
